
Microsoft Visual Studio Solution File, Format Version 12.00
# Visual Studio Version 16
VisualStudioVersion = 16.0.30204.135
MinimumVisualStudioVersion = 10.0.40219.1
Project("{FAE04EC0-301F-11D3-BF4B-00C04F79EFBC}") = "OOPX", "OOPX\OOPX.csproj", "{AEE95158-FA78-4CF3-A5A4-C383E07B24DE}"
EndProject
Global
	GlobalSection(SolutionConfigurationPlatforms) = preSolution
		Debug|Any CPU = Debug|Any CPU
		Release|Any CPU = Release|Any CPU
	EndGlobalSection
	GlobalSection(ProjectConfigurationPlatforms) = postSolution
		{AEE95158-FA78-4CF3-A5A4-C383E07B24DE}.Debug|Any CPU.ActiveCfg = Debug|Any CPU
		{AEE95158-FA78-4CF3-A5A4-C383E07B24DE}.Debug|Any CPU.Build.0 = Debug|Any CPU
		{AEE95158-FA78-4CF3-A5A4-C383E07B24DE}.Release|Any CPU.ActiveCfg = Release|Any CPU
		{AEE95158-FA78-4CF3-A5A4-C383E07B24DE}.Release|Any CPU.Build.0 = Release|Any CPU
	EndGlobalSection
	GlobalSection(SolutionProperties) = preSolution
		HideSolutionNode = FALSE
	EndGlobalSection
	GlobalSection(ExtensibilityGlobals) = postSolution
		SolutionGuid = {1AEADA7B-29D3-4DB6-A371-0FB2C1317051}
	EndGlobalSection
EndGlobal
