
Microsoft Visual Studio Solution File, Format Version 12.00
# Visual Studio Version 16
VisualStudioVersion = 16.0.30204.135
MinimumVisualStudioVersion = 10.0.40219.1
Project("{FAE04EC0-301F-11D3-BF4B-00C04F79EFBC}") = "SwitchCase", "SwitchCase\SwitchCase.csproj", "{A34576CD-C531-458C-B990-4D47B2D0E702}"
EndProject
Global
	GlobalSection(SolutionConfigurationPlatforms) = preSolution
		Debug|Any CPU = Debug|Any CPU
		Release|Any CPU = Release|Any CPU
	EndGlobalSection
	GlobalSection(ProjectConfigurationPlatforms) = postSolution
		{A34576CD-C531-458C-B990-4D47B2D0E702}.Debug|Any CPU.ActiveCfg = Debug|Any CPU
		{A34576CD-C531-458C-B990-4D47B2D0E702}.Debug|Any CPU.Build.0 = Debug|Any CPU
		{A34576CD-C531-458C-B990-4D47B2D0E702}.Release|Any CPU.ActiveCfg = Release|Any CPU
		{A34576CD-C531-458C-B990-4D47B2D0E702}.Release|Any CPU.Build.0 = Release|Any CPU
	EndGlobalSection
	GlobalSection(SolutionProperties) = preSolution
		HideSolutionNode = FALSE
	EndGlobalSection
	GlobalSection(ExtensibilityGlobals) = postSolution
		SolutionGuid = {04C6874D-A204-4342-BC03-EFC086C5636C}
	EndGlobalSection
EndGlobal
