
Microsoft Visual Studio Solution File, Format Version 12.00
# Visual Studio Version 16
VisualStudioVersion = 16.0.30204.135
MinimumVisualStudioVersion = 10.0.40219.1
Project("{FAE04EC0-301F-11D3-BF4B-00C04F79EFBC}") = "if statement", "if statement\if statement.csproj", "{40CBD73B-2CD0-46CA-959E-6C62F9736E4E}"
EndProject
Global
	GlobalSection(SolutionConfigurationPlatforms) = preSolution
		Debug|Any CPU = Debug|Any CPU
		Release|Any CPU = Release|Any CPU
	EndGlobalSection
	GlobalSection(ProjectConfigurationPlatforms) = postSolution
		{40CBD73B-2CD0-46CA-959E-6C62F9736E4E}.Debug|Any CPU.ActiveCfg = Debug|Any CPU
		{40CBD73B-2CD0-46CA-959E-6C62F9736E4E}.Debug|Any CPU.Build.0 = Debug|Any CPU
		{40CBD73B-2CD0-46CA-959E-6C62F9736E4E}.Release|Any CPU.ActiveCfg = Release|Any CPU
		{40CBD73B-2CD0-46CA-959E-6C62F9736E4E}.Release|Any CPU.Build.0 = Release|Any CPU
	EndGlobalSection
	GlobalSection(SolutionProperties) = preSolution
		HideSolutionNode = FALSE
	EndGlobalSection
	GlobalSection(ExtensibilityGlobals) = postSolution
		SolutionGuid = {27D6A211-AFC3-408A-8AE2-D0DE75C97758}
	EndGlobalSection
EndGlobal
