
Microsoft Visual Studio Solution File, Format Version 12.00
# Visual Studio Version 16
VisualStudioVersion = 16.0.30204.135
MinimumVisualStudioVersion = 10.0.40219.1
Project("{FAE04EC0-301F-11D3-BF4B-00C04F79EFBC}") = "ArrayTest", "ArrayTest\ArrayTest.csproj", "{82D74A4D-0A61-4786-B52E-714A4414ED30}"
EndProject
Global
	GlobalSection(SolutionConfigurationPlatforms) = preSolution
		Debug|Any CPU = Debug|Any CPU
		Release|Any CPU = Release|Any CPU
	EndGlobalSection
	GlobalSection(ProjectConfigurationPlatforms) = postSolution
		{82D74A4D-0A61-4786-B52E-714A4414ED30}.Debug|Any CPU.ActiveCfg = Debug|Any CPU
		{82D74A4D-0A61-4786-B52E-714A4414ED30}.Debug|Any CPU.Build.0 = Debug|Any CPU
		{82D74A4D-0A61-4786-B52E-714A4414ED30}.Release|Any CPU.ActiveCfg = Release|Any CPU
		{82D74A4D-0A61-4786-B52E-714A4414ED30}.Release|Any CPU.Build.0 = Release|Any CPU
	EndGlobalSection
	GlobalSection(SolutionProperties) = preSolution
		HideSolutionNode = FALSE
	EndGlobalSection
	GlobalSection(ExtensibilityGlobals) = postSolution
		SolutionGuid = {BD17E6E4-7372-4ED6-BEF8-6C27C9F35CC6}
	EndGlobalSection
EndGlobal
